// !$*UTF8*$!
{
	archiveVersion = 1;
	classes = {
	};
	objectVersion = 56;
	objects = {

/* Begin PBXBuildFile section */
		6C13CA082BAEF88D002EAEF1 /* EditProfileViewController.swift in Sources */ = {isa = PBXBuildFile; fileRef = 6C13CA072BAEF88D002EAEF1 /* EditProfileViewController.swift */; };
		6C13CA0A2BAEF8A3002EAEF1 /* EditProfileView.swift in Sources */ = {isa = PBXBuildFile; fileRef = 6C13CA092BAEF8A3002EAEF1 /* EditProfileView.swift */; };
		6C13CA0E2BAEFE1D002EAEF1 /* UIImageView+App.swift in Sources */ = {isa = PBXBuildFile; fileRef = 6C13CA0D2BAEFE1D002EAEF1 /* UIImageView+App.swift */; };
		6C81A8102BAC145900E0FABD /* AppDelegate.swift in Sources */ = {isa = PBXBuildFile; fileRef = 6C81A80F2BAC145900E0FABD /* AppDelegate.swift */; };
		6C81A8122BAC145900E0FABD /* SceneDelegate.swift in Sources */ = {isa = PBXBuildFile; fileRef = 6C81A8112BAC145900E0FABD /* SceneDelegate.swift */; };
		6C81A8192BAC145A00E0FABD /* Assets.xcassets in Resources */ = {isa = PBXBuildFile; fileRef = 6C81A8182BAC145A00E0FABD /* Assets.xcassets */; };
		6C81A81C2BAC145A00E0FABD /* LaunchScreen.storyboard in Resources */ = {isa = PBXBuildFile; fileRef = 6C81A81A2BAC145A00E0FABD /* LaunchScreen.storyboard */; };
		6C81A8262BAC154C00E0FABD /* UIViewController+Preview.swift in Sources */ = {isa = PBXBuildFile; fileRef = 6C81A8252BAC154C00E0FABD /* UIViewController+Preview.swift */; };
		6C81A8292BAC156900E0FABD /* Sizes.swift in Sources */ = {isa = PBXBuildFile; fileRef = 6C81A8282BAC156900E0FABD /* Sizes.swift */; };
		6C81A83B2BAC226000E0FABD /* LoginView.swift in Sources */ = {isa = PBXBuildFile; fileRef = 6C81A83A2BAC226000E0FABD /* LoginView.swift */; };
		6C81A83E2BAC227800E0FABD /* LoginViewController.swift in Sources */ = {isa = PBXBuildFile; fileRef = 6C81A83D2BAC227800E0FABD /* LoginViewController.swift */; };
		6C81A8402BAC229E00E0FABD /* MainCoordinator.swift in Sources */ = {isa = PBXBuildFile; fileRef = 6C81A83F2BAC229E00E0FABD /* MainCoordinator.swift */; };
		6C81A8432BAC358400E0FABD /* task.rtf in Resources */ = {isa = PBXBuildFile; fileRef = 6C81A8422BAC358400E0FABD /* task.rtf */; };
		6C81A8472BAC386E00E0FABD /* UIView+App.swift in Sources */ = {isa = PBXBuildFile; fileRef = 6C81A8462BAC386E00E0FABD /* UIView+App.swift */; };
		6C81A84A2BAC5FFE00E0FABD /* UIColor+App.swift in Sources */ = {isa = PBXBuildFile; fileRef = 6C81A8492BAC5FFE00E0FABD /* UIColor+App.swift */; };
		6C81A84C2BAC61BC00E0FABD /* UILabel+App.swift in Sources */ = {isa = PBXBuildFile; fileRef = 6C81A84B2BAC61BC00E0FABD /* UILabel+App.swift */; };
		6C81A8512BAC658800E0FABD /* UIFont+App.swift in Sources */ = {isa = PBXBuildFile; fileRef = 6C81A8502BAC658800E0FABD /* UIFont+App.swift */; };
		6C81A8532BAC685000E0FABD /* UnderlinedTextField.swift in Sources */ = {isa = PBXBuildFile; fileRef = 6C81A8522BAC685000E0FABD /* UnderlinedTextField.swift */; };
		6C81A8552BAC68BA00E0FABD /* UIButton+App.swift in Sources */ = {isa = PBXBuildFile; fileRef = 6C81A8542BAC68BA00E0FABD /* UIButton+App.swift */; };
		6C9619472BADAFFB0042DF58 /* UITextField+App.swift in Sources */ = {isa = PBXBuildFile; fileRef = 6C9619462BADAFFB0042DF58 /* UITextField+App.swift */; };
		6C96194B2BADB4F70042DF58 /* PasswordTextField.swift in Sources */ = {isa = PBXBuildFile; fileRef = 6C96194A2BADB4F70042DF58 /* PasswordTextField.swift */; };
		6CEF0FB22BB01FAF0075A433 /* ProfilesListViewController.swift in Sources */ = {isa = PBXBuildFile; fileRef = 6CEF0FB12BB01FAF0075A433 /* ProfilesListViewController.swift */; };
		6CEF0FB42BB01FC70075A433 /* ProfilesListView.swift in Sources */ = {isa = PBXBuildFile; fileRef = 6CEF0FB32BB01FC70075A433 /* ProfilesListView.swift */; };
		6CEF0FB62BB023FF0075A433 /* UnderlinedView.swift in Sources */ = {isa = PBXBuildFile; fileRef = 6CEF0FB52BB023FF0075A433 /* UnderlinedView.swift */; };
/* End PBXBuildFile section */

/* Begin PBXFileReference section */
		6C13CA072BAEF88D002EAEF1 /* EditProfileViewController.swift */ = {isa = PBXFileReference; lastKnownFileType = sourcecode.swift; path = EditProfileViewController.swift; sourceTree = "<group>"; };
		6C13CA092BAEF8A3002EAEF1 /* EditProfileView.swift */ = {isa = PBXFileReference; lastKnownFileType = sourcecode.swift; path = EditProfileView.swift; sourceTree = "<group>"; };
		6C13CA0D2BAEFE1D002EAEF1 /* UIImageView+App.swift */ = {isa = PBXFileReference; lastKnownFileType = sourcecode.swift; path = "UIImageView+App.swift"; sourceTree = "<group>"; };
		6C81A80C2BAC145900E0FABD /* BirthdayReminder.app */ = {isa = PBXFileReference; explicitFileType = wrapper.application; includeInIndex = 0; path = BirthdayReminder.app; sourceTree = BUILT_PRODUCTS_DIR; };
		6C81A80F2BAC145900E0FABD /* AppDelegate.swift */ = {isa = PBXFileReference; lastKnownFileType = sourcecode.swift; path = AppDelegate.swift; sourceTree = "<group>"; };
		6C81A8112BAC145900E0FABD /* SceneDelegate.swift */ = {isa = PBXFileReference; lastKnownFileType = sourcecode.swift; path = SceneDelegate.swift; sourceTree = "<group>"; };
		6C81A8182BAC145A00E0FABD /* Assets.xcassets */ = {isa = PBXFileReference; lastKnownFileType = folder.assetcatalog; path = Assets.xcassets; sourceTree = "<group>"; };
		6C81A81B2BAC145A00E0FABD /* Base */ = {isa = PBXFileReference; lastKnownFileType = file.storyboard; name = Base; path = Base.lproj/LaunchScreen.storyboard; sourceTree = "<group>"; };
		6C81A81D2BAC145A00E0FABD /* Info.plist */ = {isa = PBXFileReference; lastKnownFileType = text.plist.xml; path = Info.plist; sourceTree = "<group>"; };
		6C81A8252BAC154C00E0FABD /* UIViewController+Preview.swift */ = {isa = PBXFileReference; lastKnownFileType = sourcecode.swift; path = "UIViewController+Preview.swift"; sourceTree = "<group>"; };
		6C81A8282BAC156900E0FABD /* Sizes.swift */ = {isa = PBXFileReference; lastKnownFileType = sourcecode.swift; path = Sizes.swift; sourceTree = "<group>"; };
		6C81A83A2BAC226000E0FABD /* LoginView.swift */ = {isa = PBXFileReference; lastKnownFileType = sourcecode.swift; path = LoginView.swift; sourceTree = "<group>"; };
		6C81A83D2BAC227800E0FABD /* LoginViewController.swift */ = {isa = PBXFileReference; lastKnownFileType = sourcecode.swift; path = LoginViewController.swift; sourceTree = "<group>"; };
		6C81A83F2BAC229E00E0FABD /* MainCoordinator.swift */ = {isa = PBXFileReference; lastKnownFileType = sourcecode.swift; path = MainCoordinator.swift; sourceTree = "<group>"; };
		6C81A8422BAC358400E0FABD /* task.rtf */ = {isa = PBXFileReference; lastKnownFileType = text.rtf; path = task.rtf; sourceTree = "<group>"; };
		6C81A8462BAC386E00E0FABD /* UIView+App.swift */ = {isa = PBXFileReference; lastKnownFileType = sourcecode.swift; path = "UIView+App.swift"; sourceTree = "<group>"; };
		6C81A8492BAC5FFE00E0FABD /* UIColor+App.swift */ = {isa = PBXFileReference; lastKnownFileType = sourcecode.swift; path = "UIColor+App.swift"; sourceTree = "<group>"; };
		6C81A84B2BAC61BC00E0FABD /* UILabel+App.swift */ = {isa = PBXFileReference; lastKnownFileType = sourcecode.swift; path = "UILabel+App.swift"; sourceTree = "<group>"; };
		6C81A8502BAC658800E0FABD /* UIFont+App.swift */ = {isa = PBXFileReference; lastKnownFileType = sourcecode.swift; path = "UIFont+App.swift"; sourceTree = "<group>"; };
		6C81A8522BAC685000E0FABD /* UnderlinedTextField.swift */ = {isa = PBXFileReference; lastKnownFileType = sourcecode.swift; path = UnderlinedTextField.swift; sourceTree = "<group>"; };
		6C81A8542BAC68BA00E0FABD /* UIButton+App.swift */ = {isa = PBXFileReference; lastKnownFileType = sourcecode.swift; path = "UIButton+App.swift"; sourceTree = "<group>"; };
		6C9619462BADAFFB0042DF58 /* UITextField+App.swift */ = {isa = PBXFileReference; lastKnownFileType = sourcecode.swift; path = "UITextField+App.swift"; sourceTree = "<group>"; };
		6C96194A2BADB4F70042DF58 /* PasswordTextField.swift */ = {isa = PBXFileReference; lastKnownFileType = sourcecode.swift; path = PasswordTextField.swift; sourceTree = "<group>"; };
		6CEF0FB12BB01FAF0075A433 /* ProfilesListViewController.swift */ = {isa = PBXFileReference; lastKnownFileType = sourcecode.swift; path = ProfilesListViewController.swift; sourceTree = "<group>"; };
		6CEF0FB32BB01FC70075A433 /* ProfilesListView.swift */ = {isa = PBXFileReference; lastKnownFileType = sourcecode.swift; path = ProfilesListView.swift; sourceTree = "<group>"; };
		6CEF0FB52BB023FF0075A433 /* UnderlinedView.swift */ = {isa = PBXFileReference; lastKnownFileType = sourcecode.swift; path = UnderlinedView.swift; sourceTree = "<group>"; };
/* End PBXFileReference section */

/* Begin PBXFrameworksBuildPhase section */
		6C81A8092BAC145900E0FABD /* Frameworks */ = {
			isa = PBXFrameworksBuildPhase;
			buildActionMask = 2147483647;
			files = (
			);
			runOnlyForDeploymentPostprocessing = 0;
		};
/* End PBXFrameworksBuildPhase section */

/* Begin PBXGroup section */
		6C81A8032BAC145900E0FABD = {
			isa = PBXGroup;
			children = (
				6C81A80E2BAC145900E0FABD /* BirthdayReminder */,
				6C81A80D2BAC145900E0FABD /* Products */,
			);
			sourceTree = "<group>";
		};
		6C81A80D2BAC145900E0FABD /* Products */ = {
			isa = PBXGroup;
			children = (
				6C81A80C2BAC145900E0FABD /* BirthdayReminder.app */,
			);
			name = Products;
			sourceTree = "<group>";
		};
		6C81A80E2BAC145900E0FABD /* BirthdayReminder */ = {
			isa = PBXGroup;
			children = (
				6C81A82D2BAC202100E0FABD /* App */,
				6C81A82C2BAC201D00E0FABD /* Coordinator */,
				6C81A82B2BAC201800E0FABD /* Modules */,
				6C81A8272BAC155F00E0FABD /* Constants */,
				6C81A82A2BAC1FE700E0FABD /* HelperClasses */,
				6C81A8242BAC150F00E0FABD /* Extensions */,
				6C81A8232BAC14B200E0FABD /* SupportingFiles */,
			);
			path = BirthdayReminder;
			sourceTree = "<group>";
		};
		6C81A8232BAC14B200E0FABD /* SupportingFiles */ = {
			isa = PBXGroup;
			children = (
				6C81A8182BAC145A00E0FABD /* Assets.xcassets */,
				6C81A81A2BAC145A00E0FABD /* LaunchScreen.storyboard */,
				6C81A81D2BAC145A00E0FABD /* Info.plist */,
				6C81A8422BAC358400E0FABD /* task.rtf */,
			);
			path = SupportingFiles;
			sourceTree = "<group>";
		};
		6C81A8242BAC150F00E0FABD /* Extensions */ = {
			isa = PBXGroup;
			children = (
				6C81A8252BAC154C00E0FABD /* UIViewController+Preview.swift */,
				6C81A8462BAC386E00E0FABD /* UIView+App.swift */,
				6C81A8542BAC68BA00E0FABD /* UIButton+App.swift */,
				6C81A8492BAC5FFE00E0FABD /* UIColor+App.swift */,
				6C81A84B2BAC61BC00E0FABD /* UILabel+App.swift */,
				6C81A8502BAC658800E0FABD /* UIFont+App.swift */,
				6C9619462BADAFFB0042DF58 /* UITextField+App.swift */,
				6C13CA0D2BAEFE1D002EAEF1 /* UIImageView+App.swift */,
			);
			path = Extensions;
			sourceTree = "<group>";
		};
		6C81A8272BAC155F00E0FABD /* Constants */ = {
			isa = PBXGroup;
			children = (
				6C81A8282BAC156900E0FABD /* Sizes.swift */,
			);
			path = Constants;
			sourceTree = "<group>";
		};
		6C81A82A2BAC1FE700E0FABD /* HelperClasses */ = {
			isa = PBXGroup;
			children = (
				6C81A8522BAC685000E0FABD /* UnderlinedTextField.swift */,
				6C96194A2BADB4F70042DF58 /* PasswordTextField.swift */,
				6CEF0FB52BB023FF0075A433 /* UnderlinedView.swift */,
			);
			path = HelperClasses;
			sourceTree = "<group>";
		};
		6C81A82B2BAC201800E0FABD /* Modules */ = {
			isa = PBXGroup;
			children = (
				6C81A8302BAC221200E0FABD /* Login */,
				6C81A82F2BAC220B00E0FABD /* ProfilesList */,
				6C81A82E2BAC21FE00E0FABD /* EdtiProfile */,
			);
			path = Modules;
			sourceTree = "<group>";
		};
		6C81A82C2BAC201D00E0FABD /* Coordinator */ = {
			isa = PBXGroup;
			children = (
				6C81A83F2BAC229E00E0FABD /* MainCoordinator.swift */,
			);
			path = Coordinator;
			sourceTree = "<group>";
		};
		6C81A82D2BAC202100E0FABD /* App */ = {
			isa = PBXGroup;
			children = (
				6C81A80F2BAC145900E0FABD /* AppDelegate.swift */,
				6C81A8112BAC145900E0FABD /* SceneDelegate.swift */,
			);
			path = App;
			sourceTree = "<group>";
		};
		6C81A82E2BAC21FE00E0FABD /* EdtiProfile */ = {
			isa = PBXGroup;
			children = (
				6C81A8332BAC223600E0FABD /* Model */,
				6C81A8322BAC223100E0FABD /* View */,
				6C81A8312BAC222700E0FABD /* Controller */,
			);
			path = EdtiProfile;
			sourceTree = "<group>";
		};
		6C81A82F2BAC220B00E0FABD /* ProfilesList */ = {
			isa = PBXGroup;
			children = (
				6C81A8362BAC224200E0FABD /* Model */,
				6C81A8352BAC223F00E0FABD /* View */,
				6C81A8342BAC223B00E0FABD /* Controller */,
			);
			path = ProfilesList;
			sourceTree = "<group>";
		};
		6C81A8302BAC221200E0FABD /* Login */ = {
			isa = PBXGroup;
			children = (
				6C81A8392BAC224B00E0FABD /* Model */,
				6C81A8382BAC224900E0FABD /* View */,
				6C81A8372BAC224500E0FABD /* Controller */,
			);
			path = Login;
			sourceTree = "<group>";
		};
		6C81A8312BAC222700E0FABD /* Controller */ = {
			isa = PBXGroup;
			children = (
				6C13CA072BAEF88D002EAEF1 /* EditProfileViewController.swift */,
			);
			path = Controller;
			sourceTree = "<group>";
		};
		6C81A8322BAC223100E0FABD /* View */ = {
			isa = PBXGroup;
			children = (
				6C13CA092BAEF8A3002EAEF1 /* EditProfileView.swift */,
			);
			path = View;
			sourceTree = "<group>";
		};
		6C81A8332BAC223600E0FABD /* Model */ = {
			isa = PBXGroup;
			children = (
			);
			path = Model;
			sourceTree = "<group>";
		};
		6C81A8342BAC223B00E0FABD /* Controller */ = {
			isa = PBXGroup;
			children = (
				6CEF0FB12BB01FAF0075A433 /* ProfilesListViewController.swift */,
			);
			path = Controller;
			sourceTree = "<group>";
		};
		6C81A8352BAC223F00E0FABD /* View */ = {
			isa = PBXGroup;
			children = (
				6CEF0FB32BB01FC70075A433 /* ProfilesListView.swift */,
			);
			path = View;
			sourceTree = "<group>";
		};
		6C81A8362BAC224200E0FABD /* Model */ = {
			isa = PBXGroup;
			children = (
			);
			path = Model;
			sourceTree = "<group>";
		};
		6C81A8372BAC224500E0FABD /* Controller */ = {
			isa = PBXGroup;
			children = (
				6C81A83D2BAC227800E0FABD /* LoginViewController.swift */,
			);
			path = Controller;
			sourceTree = "<group>";
		};
		6C81A8382BAC224900E0FABD /* View */ = {
			isa = PBXGroup;
			children = (
				6C81A83A2BAC226000E0FABD /* LoginView.swift */,
			);
			path = View;
			sourceTree = "<group>";
		};
		6C81A8392BAC224B00E0FABD /* Model */ = {
			isa = PBXGroup;
			children = (
			);
			path = Model;
			sourceTree = "<group>";
		};
/* End PBXGroup section */

/* Begin PBXNativeTarget section */
		6C81A80B2BAC145900E0FABD /* BirthdayReminder */ = {
			isa = PBXNativeTarget;
			buildConfigurationList = 6C81A8202BAC145A00E0FABD /* Build configuration list for PBXNativeTarget "BirthdayReminder" */;
			buildPhases = (
				6C81A8412BAC29BC00E0FABD /* ShellScript */,
				6C81A8082BAC145900E0FABD /* Sources */,
				6C81A8092BAC145900E0FABD /* Frameworks */,
				6C81A80A2BAC145900E0FABD /* Resources */,
			);
			buildRules = (
			);
			dependencies = (
			);
			name = BirthdayReminder;
			productName = BirthdayReminder;
			productReference = 6C81A80C2BAC145900E0FABD /* BirthdayReminder.app */;
			productType = "com.apple.product-type.application";
		};
/* End PBXNativeTarget section */

/* Begin PBXProject section */
		6C81A8042BAC145900E0FABD /* Project object */ = {
			isa = PBXProject;
			attributes = {
				BuildIndependentTargetsInParallel = 1;
				LastSwiftUpdateCheck = 1500;
				LastUpgradeCheck = 1500;
				TargetAttributes = {
					6C81A80B2BAC145900E0FABD = {
						CreatedOnToolsVersion = 15.0.1;
					};
				};
			};
			buildConfigurationList = 6C81A8072BAC145900E0FABD /* Build configuration list for PBXProject "BirthdayReminder" */;
			compatibilityVersion = "Xcode 14.0";
			developmentRegion = en;
			hasScannedForEncodings = 0;
			knownRegions = (
				en,
				Base,
			);
			mainGroup = 6C81A8032BAC145900E0FABD;
			productRefGroup = 6C81A80D2BAC145900E0FABD /* Products */;
			projectDirPath = "";
			projectRoot = "";
			targets = (
				6C81A80B2BAC145900E0FABD /* BirthdayReminder */,
			);
		};
/* End PBXProject section */

/* Begin PBXResourcesBuildPhase section */
		6C81A80A2BAC145900E0FABD /* Resources */ = {
			isa = PBXResourcesBuildPhase;
			buildActionMask = 2147483647;
			files = (
				6C81A81C2BAC145A00E0FABD /* LaunchScreen.storyboard in Resources */,
				6C81A8432BAC358400E0FABD /* task.rtf in Resources */,
				6C81A8192BAC145A00E0FABD /* Assets.xcassets in Resources */,
			);
			runOnlyForDeploymentPostprocessing = 0;
		};
/* End PBXResourcesBuildPhase section */

/* Begin PBXShellScriptBuildPhase section */
		6C81A8412BAC29BC00E0FABD /* ShellScript */ = {
			isa = PBXShellScriptBuildPhase;
			alwaysOutOfDate = 1;
			buildActionMask = 2147483647;
			files = (
			);
			inputFileListPaths = (
			);
			inputPaths = (
			);
			outputFileListPaths = (
			);
			outputPaths = (
			);
			runOnlyForDeploymentPostprocessing = 0;
			shellPath = /bin/sh;
			shellScript = "if which swiftlint >/dev/null; then\n  swiftlint\nelse\n  echo \"error: SwiftLint does not exist, download it from https://github.com/realm/SwiftLint\"\n  exit 1\nfi\n";
		};
/* End PBXShellScriptBuildPhase section */

/* Begin PBXSourcesBuildPhase section */
		6C81A8082BAC145900E0FABD /* Sources */ = {
			isa = PBXSourcesBuildPhase;
			buildActionMask = 2147483647;
			files = (
				6C13CA082BAEF88D002EAEF1 /* EditProfileViewController.swift in Sources */,
				6C13CA0A2BAEF8A3002EAEF1 /* EditProfileView.swift in Sources */,
				6C81A8472BAC386E00E0FABD /* UIView+App.swift in Sources */,
				6C81A83E2BAC227800E0FABD /* LoginViewController.swift in Sources */,
				6CEF0FB42BB01FC70075A433 /* ProfilesListView.swift in Sources */,
				6C13CA0E2BAEFE1D002EAEF1 /* UIImageView+App.swift in Sources */,
				6C81A84A2BAC5FFE00E0FABD /* UIColor+App.swift in Sources */,
				6C81A8402BAC229E00E0FABD /* MainCoordinator.swift in Sources */,
				6CEF0FB22BB01FAF0075A433 /* ProfilesListViewController.swift in Sources */,
				6C81A84C2BAC61BC00E0FABD /* UILabel+App.swift in Sources */,
				6C96194B2BADB4F70042DF58 /* PasswordTextField.swift in Sources */,
				6C81A8292BAC156900E0FABD /* Sizes.swift in Sources */,
				6C81A8512BAC658800E0FABD /* UIFont+App.swift in Sources */,
				6C9619472BADAFFB0042DF58 /* UITextField+App.swift in Sources */,
				6C81A8532BAC685000E0FABD /* UnderlinedTextField.swift in Sources */,
				6C81A8262BAC154C00E0FABD /* UIViewController+Preview.swift in Sources */,
				6C81A8102BAC145900E0FABD /* AppDelegate.swift in Sources */,
				6CEF0FB62BB023FF0075A433 /* UnderlinedView.swift in Sources */,
				6C81A8552BAC68BA00E0FABD /* UIButton+App.swift in Sources */,
				6C81A83B2BAC226000E0FABD /* LoginView.swift in Sources */,
				6C81A8122BAC145900E0FABD /* SceneDelegate.swift in Sources */,
			);
			runOnlyForDeploymentPostprocessing = 0;
		};
/* End PBXSourcesBuildPhase section */

/* Begin PBXVariantGroup section */
		6C81A81A2BAC145A00E0FABD /* LaunchScreen.storyboard */ = {
			isa = PBXVariantGroup;
			children = (
				6C81A81B2BAC145A00E0FABD /* Base */,
			);
			name = LaunchScreen.storyboard;
			sourceTree = "<group>";
		};
/* End PBXVariantGroup section */

/* Begin XCBuildConfiguration section */
		6C81A81E2BAC145A00E0FABD /* Debug */ = {
			isa = XCBuildConfiguration;
			buildSettings = {
				ALWAYS_SEARCH_USER_PATHS = NO;
				ASSETCATALOG_COMPILER_GENERATE_SWIFT_ASSET_SYMBOL_EXTENSIONS = YES;
				CLANG_ANALYZER_NONNULL = YES;
				CLANG_ANALYZER_NUMBER_OBJECT_CONVERSION = YES_AGGRESSIVE;
				CLANG_CXX_LANGUAGE_STANDARD = "gnu++20";
				CLANG_ENABLE_MODULES = YES;
				CLANG_ENABLE_OBJC_ARC = YES;
				CLANG_ENABLE_OBJC_WEAK = YES;
				CLANG_WARN_BLOCK_CAPTURE_AUTORELEASING = YES;
				CLANG_WARN_BOOL_CONVERSION = YES;
				CLANG_WARN_COMMA = YES;
				CLANG_WARN_CONSTANT_CONVERSION = YES;
				CLANG_WARN_DEPRECATED_OBJC_IMPLEMENTATIONS = YES;
				CLANG_WARN_DIRECT_OBJC_ISA_USAGE = YES_ERROR;
				CLANG_WARN_DOCUMENTATION_COMMENTS = YES;
				CLANG_WARN_EMPTY_BODY = YES;
				CLANG_WARN_ENUM_CONVERSION = YES;
				CLANG_WARN_INFINITE_RECURSION = YES;
				CLANG_WARN_INT_CONVERSION = YES;
				CLANG_WARN_NON_LITERAL_NULL_CONVERSION = YES;
				CLANG_WARN_OBJC_IMPLICIT_RETAIN_SELF = YES;
				CLANG_WARN_OBJC_LITERAL_CONVERSION = YES;
				CLANG_WARN_OBJC_ROOT_CLASS = YES_ERROR;
				CLANG_WARN_QUOTED_INCLUDE_IN_FRAMEWORK_HEADER = YES;
				CLANG_WARN_RANGE_LOOP_ANALYSIS = YES;
				CLANG_WARN_STRICT_PROTOTYPES = YES;
				CLANG_WARN_SUSPICIOUS_MOVE = YES;
				CLANG_WARN_UNGUARDED_AVAILABILITY = YES_AGGRESSIVE;
				CLANG_WARN_UNREACHABLE_CODE = YES;
				CLANG_WARN__DUPLICATE_METHOD_MATCH = YES;
				COPY_PHASE_STRIP = NO;
				DEBUG_INFORMATION_FORMAT = dwarf;
				ENABLE_STRICT_OBJC_MSGSEND = YES;
				ENABLE_TESTABILITY = YES;
				ENABLE_USER_SCRIPT_SANDBOXING = YES;
				GCC_C_LANGUAGE_STANDARD = gnu17;
				GCC_DYNAMIC_NO_PIC = NO;
				GCC_NO_COMMON_BLOCKS = YES;
				GCC_OPTIMIZATION_LEVEL = 0;
				GCC_PREPROCESSOR_DEFINITIONS = (
					"DEBUG=1",
					"$(inherited)",
				);
				GCC_WARN_64_TO_32_BIT_CONVERSION = YES;
				GCC_WARN_ABOUT_RETURN_TYPE = YES_ERROR;
				GCC_WARN_UNDECLARED_SELECTOR = YES;
				GCC_WARN_UNINITIALIZED_AUTOS = YES_AGGRESSIVE;
				GCC_WARN_UNUSED_FUNCTION = YES;
				GCC_WARN_UNUSED_VARIABLE = YES;
				IPHONEOS_DEPLOYMENT_TARGET = 17.0;
				LOCALIZATION_PREFERS_STRING_CATALOGS = YES;
				MTL_ENABLE_DEBUG_INFO = INCLUDE_SOURCE;
				MTL_FAST_MATH = YES;
				ONLY_ACTIVE_ARCH = YES;
				SDKROOT = iphoneos;
				SWIFT_ACTIVE_COMPILATION_CONDITIONS = "DEBUG $(inherited)";
				SWIFT_OPTIMIZATION_LEVEL = "-Onone";
			};
			name = Debug;
		};
		6C81A81F2BAC145A00E0FABD /* Release */ = {
			isa = XCBuildConfiguration;
			buildSettings = {
				ALWAYS_SEARCH_USER_PATHS = NO;
				ASSETCATALOG_COMPILER_GENERATE_SWIFT_ASSET_SYMBOL_EXTENSIONS = YES;
				CLANG_ANALYZER_NONNULL = YES;
				CLANG_ANALYZER_NUMBER_OBJECT_CONVERSION = YES_AGGRESSIVE;
				CLANG_CXX_LANGUAGE_STANDARD = "gnu++20";
				CLANG_ENABLE_MODULES = YES;
				CLANG_ENABLE_OBJC_ARC = YES;
				CLANG_ENABLE_OBJC_WEAK = YES;
				CLANG_WARN_BLOCK_CAPTURE_AUTORELEASING = YES;
				CLANG_WARN_BOOL_CONVERSION = YES;
				CLANG_WARN_COMMA = YES;
				CLANG_WARN_CONSTANT_CONVERSION = YES;
				CLANG_WARN_DEPRECATED_OBJC_IMPLEMENTATIONS = YES;
				CLANG_WARN_DIRECT_OBJC_ISA_USAGE = YES_ERROR;
				CLANG_WARN_DOCUMENTATION_COMMENTS = YES;
				CLANG_WARN_EMPTY_BODY = YES;
				CLANG_WARN_ENUM_CONVERSION = YES;
				CLANG_WARN_INFINITE_RECURSION = YES;
				CLANG_WARN_INT_CONVERSION = YES;
				CLANG_WARN_NON_LITERAL_NULL_CONVERSION = YES;
				CLANG_WARN_OBJC_IMPLICIT_RETAIN_SELF = YES;
				CLANG_WARN_OBJC_LITERAL_CONVERSION = YES;
				CLANG_WARN_OBJC_ROOT_CLASS = YES_ERROR;
				CLANG_WARN_QUOTED_INCLUDE_IN_FRAMEWORK_HEADER = YES;
				CLANG_WARN_RANGE_LOOP_ANALYSIS = YES;
				CLANG_WARN_STRICT_PROTOTYPES = YES;
				CLANG_WARN_SUSPICIOUS_MOVE = YES;
				CLANG_WARN_UNGUARDED_AVAILABILITY = YES_AGGRESSIVE;
				CLANG_WARN_UNREACHABLE_CODE = YES;
				CLANG_WARN__DUPLICATE_METHOD_MATCH = YES;
				COPY_PHASE_STRIP = NO;
				DEBUG_INFORMATION_FORMAT = "dwarf-with-dsym";
				ENABLE_NS_ASSERTIONS = NO;
				ENABLE_STRICT_OBJC_MSGSEND = YES;
				ENABLE_USER_SCRIPT_SANDBOXING = YES;
				GCC_C_LANGUAGE_STANDARD = gnu17;
				GCC_NO_COMMON_BLOCKS = YES;
				GCC_WARN_64_TO_32_BIT_CONVERSION = YES;
				GCC_WARN_ABOUT_RETURN_TYPE = YES_ERROR;
				GCC_WARN_UNDECLARED_SELECTOR = YES;
				GCC_WARN_UNINITIALIZED_AUTOS = YES_AGGRESSIVE;
				GCC_WARN_UNUSED_FUNCTION = YES;
				GCC_WARN_UNUSED_VARIABLE = YES;
				IPHONEOS_DEPLOYMENT_TARGET = 17.0;
				LOCALIZATION_PREFERS_STRING_CATALOGS = YES;
				MTL_ENABLE_DEBUG_INFO = NO;
				MTL_FAST_MATH = YES;
				SDKROOT = iphoneos;
				SWIFT_COMPILATION_MODE = wholemodule;
				VALIDATE_PRODUCT = YES;
			};
			name = Release;
		};
		6C81A8212BAC145A00E0FABD /* Debug */ = {
			isa = XCBuildConfiguration;
			buildSettings = {
				ASSETCATALOG_COMPILER_APPICON_NAME = AppIcon;
				ASSETCATALOG_COMPILER_GLOBAL_ACCENT_COLOR_NAME = AccentColor;
				CODE_SIGN_STYLE = Automatic;
				CURRENT_PROJECT_VERSION = 1;
				ENABLE_USER_SCRIPT_SANDBOXING = NO;
				GENERATE_INFOPLIST_FILE = YES;
				INFOPLIST_FILE = BirthdayReminder/SupportingFiles/Info.plist;
				INFOPLIST_KEY_UIApplicationSupportsIndirectInputEvents = YES;
				INFOPLIST_KEY_UILaunchStoryboardName = LaunchScreen;
				INFOPLIST_KEY_UIMainStoryboardFile = "";
				INFOPLIST_KEY_UISupportedInterfaceOrientations = UIInterfaceOrientationPortrait;
				INFOPLIST_KEY_UISupportedInterfaceOrientations_iPad = "UIInterfaceOrientationLandscapeLeft UIInterfaceOrientationLandscapeRight UIInterfaceOrientationPortrait";
				IPHONEOS_DEPLOYMENT_TARGET = 15.0;
				LD_RUNPATH_SEARCH_PATHS = (
					"$(inherited)",
					"@executable_path/Frameworks",
				);
				MARKETING_VERSION = 1.0;
				PRODUCT_BUNDLE_IDENTIFIER = com.AndreiShpartou.BirthdayReminder;
				PRODUCT_NAME = "$(TARGET_NAME)";
				SUPPORTED_PLATFORMS = "iphoneos iphonesimulator";
				SUPPORTS_MACCATALYST = NO;
				SUPPORTS_MAC_DESIGNED_FOR_IPHONE_IPAD = NO;
				SWIFT_EMIT_LOC_STRINGS = YES;
				SWIFT_VERSION = 5.0;
				TARGETED_DEVICE_FAMILY = 1;
			};
			name = Debug;
		};
		6C81A8222BAC145A00E0FABD /* Release */ = {
			isa = XCBuildConfiguration;
			buildSettings = {
				ASSETCATALOG_COMPILER_APPICON_NAME = AppIcon;
				ASSETCATALOG_COMPILER_GLOBAL_ACCENT_COLOR_NAME = AccentColor;
				CODE_SIGN_STYLE = Automatic;
				CURRENT_PROJECT_VERSION = 1;
				ENABLE_USER_SCRIPT_SANDBOXING = NO;
				GENERATE_INFOPLIST_FILE = YES;
				INFOPLIST_FILE = BirthdayReminder/SupportingFiles/Info.plist;
				INFOPLIST_KEY_UIApplicationSupportsIndirectInputEvents = YES;
				INFOPLIST_KEY_UILaunchStoryboardName = LaunchScreen;
				INFOPLIST_KEY_UIMainStoryboardFile = "";
				INFOPLIST_KEY_UISupportedInterfaceOrientations = UIInterfaceOrientationPortrait;
				INFOPLIST_KEY_UISupportedInterfaceOrientations_iPad = "UIInterfaceOrientationLandscapeLeft UIInterfaceOrientationLandscapeRight UIInterfaceOrientationPortrait";
				IPHONEOS_DEPLOYMENT_TARGET = 15.0;
				LD_RUNPATH_SEARCH_PATHS = (
					"$(inherited)",
					"@executable_path/Frameworks",
				);
				MARKETING_VERSION = 1.0;
				PRODUCT_BUNDLE_IDENTIFIER = com.AndreiShpartou.BirthdayReminder;
				PRODUCT_NAME = "$(TARGET_NAME)";
				SUPPORTED_PLATFORMS = "iphoneos iphonesimulator";
				SUPPORTS_MACCATALYST = NO;
				SUPPORTS_MAC_DESIGNED_FOR_IPHONE_IPAD = NO;
				SWIFT_EMIT_LOC_STRINGS = YES;
				SWIFT_VERSION = 5.0;
				TARGETED_DEVICE_FAMILY = 1;
			};
			name = Release;
		};
/* End XCBuildConfiguration section */

/* Begin XCConfigurationList section */
		6C81A8072BAC145900E0FABD /* Build configuration list for PBXProject "BirthdayReminder" */ = {
			isa = XCConfigurationList;
			buildConfigurations = (
				6C81A81E2BAC145A00E0FABD /* Debug */,
				6C81A81F2BAC145A00E0FABD /* Release */,
			);
			defaultConfigurationIsVisible = 0;
			defaultConfigurationName = Release;
		};
		6C81A8202BAC145A00E0FABD /* Build configuration list for PBXNativeTarget "BirthdayReminder" */ = {
			isa = XCConfigurationList;
			buildConfigurations = (
				6C81A8212BAC145A00E0FABD /* Debug */,
				6C81A8222BAC145A00E0FABD /* Release */,
			);
			defaultConfigurationIsVisible = 0;
			defaultConfigurationName = Release;
		};
/* End XCConfigurationList section */
	};
	rootObject = 6C81A8042BAC145900E0FABD /* Project object */;
}
